
Microsoft Visual Studio Solution File, Format Version 12.00
# Visual Studio Version 16
VisualStudioVersion = 16.0.31729.503
MinimumVisualStudioVersion = 10.0.40219.1
Project("{FAE04EC0-301F-11D3-BF4B-00C04F79EFBC}") = "Problem1", "Problem1\Problem1.csproj", "{CE97D222-4B15-4C6E-87F3-868995A08680}"
EndProject
Project("{FAE04EC0-301F-11D3-BF4B-00C04F79EFBC}") = "Problem2", "Problem2\Problem2.csproj", "{41331DA2-4237-4727-9EA3-FAB0E2F12EA9}"
EndProject
Global
	GlobalSection(SolutionConfigurationPlatforms) = preSolution
		Debug|Any CPU = Debug|Any CPU
		Release|Any CPU = Release|Any CPU
	EndGlobalSection
	GlobalSection(ProjectConfigurationPlatforms) = postSolution
		{CE97D222-4B15-4C6E-87F3-868995A08680}.Debug|Any CPU.ActiveCfg = Debug|Any CPU
		{CE97D222-4B15-4C6E-87F3-868995A08680}.Debug|Any CPU.Build.0 = Debug|Any CPU
		{CE97D222-4B15-4C6E-87F3-868995A08680}.Release|Any CPU.ActiveCfg = Release|Any CPU
		{CE97D222-4B15-4C6E-87F3-868995A08680}.Release|Any CPU.Build.0 = Release|Any CPU
		{41331DA2-4237-4727-9EA3-FAB0E2F12EA9}.Debug|Any CPU.ActiveCfg = Debug|Any CPU
		{41331DA2-4237-4727-9EA3-FAB0E2F12EA9}.Debug|Any CPU.Build.0 = Debug|Any CPU
		{41331DA2-4237-4727-9EA3-FAB0E2F12EA9}.Release|Any CPU.ActiveCfg = Release|Any CPU
		{41331DA2-4237-4727-9EA3-FAB0E2F12EA9}.Release|Any CPU.Build.0 = Release|Any CPU
	EndGlobalSection
	GlobalSection(SolutionProperties) = preSolution
		HideSolutionNode = FALSE
	EndGlobalSection
	GlobalSection(ExtensibilityGlobals) = postSolution
		SolutionGuid = {345087E6-B733-45AE-BB65-EADDF135BF8D}
	EndGlobalSection
EndGlobal
